
Microsoft Visual Studio Solution File, Format Version 12.00
# Visual Studio Version 17
VisualStudioVersion = 17.9.34622.214
MinimumVisualStudioVersion = 10.0.40219.1
Project("{FAE04EC0-301F-11D3-BF4B-00C04F79EFBC}") = "licznikznakow", "licznikznakow\licznikznakow.csproj", "{FCED37FE-8A43-400A-8B9A-9DCCC7C50AFB}"
EndProject
Global
	GlobalSection(SolutionConfigurationPlatforms) = preSolution
		Debug|Any CPU = Debug|Any CPU
		Release|Any CPU = Release|Any CPU
	EndGlobalSection
	GlobalSection(ProjectConfigurationPlatforms) = postSolution
		{FCED37FE-8A43-400A-8B9A-9DCCC7C50AFB}.Debug|Any CPU.ActiveCfg = Debug|Any CPU
		{FCED37FE-8A43-400A-8B9A-9DCCC7C50AFB}.Debug|Any CPU.Build.0 = Debug|Any CPU
		{FCED37FE-8A43-400A-8B9A-9DCCC7C50AFB}.Release|Any CPU.ActiveCfg = Release|Any CPU
		{FCED37FE-8A43-400A-8B9A-9DCCC7C50AFB}.Release|Any CPU.Build.0 = Release|Any CPU
	EndGlobalSection
	GlobalSection(SolutionProperties) = preSolution
		HideSolutionNode = FALSE
	EndGlobalSection
	GlobalSection(ExtensibilityGlobals) = postSolution
		SolutionGuid = {67E35953-85B4-4AA8-9344-ADAEABD47798}
	EndGlobalSection
EndGlobal
